
Microsoft Visual Studio Solution File, Format Version 12.00
# Visual Studio Version 17
VisualStudioVersion = 17.5.2.0
MinimumVisualStudioVersion = 10.0.40219.1
Project("{FAE04EC0-301F-11D3-BF4B-00C04F79EFBC}") = "SimpleNeuralNetwork.Tests", "SimpleNeuralNetwork.Tests\SimpleNeuralNetwork.Tests.csproj", "{E233A8EA-4B62-4AB6-9C52-0077C5D52F31}"
EndProject
Project("{2150E333-8FDC-42A3-9474-1A3956D46DE8}") = "ConsoleApp", "ConsoleApp", "{DACA7FD0-2F1D-9E6A-A381-3006308BBC75}"
EndProject
Project("{FAE04EC0-301F-11D3-BF4B-00C04F79EFBC}") = "BackPropagation", "ConsoleApp\BackPropagation.csproj", "{602970E0-16E5-4FA6-9D25-F73711E55FB5}"
EndProject
Global
	GlobalSection(SolutionConfigurationPlatforms) = preSolution
		Debug|Any CPU = Debug|Any CPU
		Debug|x64 = Debug|x64
		Debug|x86 = Debug|x86
		Release|Any CPU = Release|Any CPU
		Release|x64 = Release|x64
		Release|x86 = Release|x86
	EndGlobalSection
	GlobalSection(ProjectConfigurationPlatforms) = postSolution
		{E233A8EA-4B62-4AB6-9C52-0077C5D52F31}.Debug|Any CPU.ActiveCfg = Debug|Any CPU
		{E233A8EA-4B62-4AB6-9C52-0077C5D52F31}.Debug|Any CPU.Build.0 = Debug|Any CPU
		{E233A8EA-4B62-4AB6-9C52-0077C5D52F31}.Debug|x64.ActiveCfg = Debug|Any CPU
		{E233A8EA-4B62-4AB6-9C52-0077C5D52F31}.Debug|x64.Build.0 = Debug|Any CPU
		{E233A8EA-4B62-4AB6-9C52-0077C5D52F31}.Debug|x86.ActiveCfg = Debug|Any CPU
		{E233A8EA-4B62-4AB6-9C52-0077C5D52F31}.Debug|x86.Build.0 = Debug|Any CPU
		{E233A8EA-4B62-4AB6-9C52-0077C5D52F31}.Release|Any CPU.ActiveCfg = Release|Any CPU
		{E233A8EA-4B62-4AB6-9C52-0077C5D52F31}.Release|Any CPU.Build.0 = Release|Any CPU
		{E233A8EA-4B62-4AB6-9C52-0077C5D52F31}.Release|x64.ActiveCfg = Release|Any CPU
		{E233A8EA-4B62-4AB6-9C52-0077C5D52F31}.Release|x64.Build.0 = Release|Any CPU
		{E233A8EA-4B62-4AB6-9C52-0077C5D52F31}.Release|x86.ActiveCfg = Release|Any CPU
		{E233A8EA-4B62-4AB6-9C52-0077C5D52F31}.Release|x86.Build.0 = Release|Any CPU
		{602970E0-16E5-4FA6-9D25-F73711E55FB5}.Debug|Any CPU.ActiveCfg = Debug|Any CPU
		{602970E0-16E5-4FA6-9D25-F73711E55FB5}.Debug|Any CPU.Build.0 = Debug|Any CPU
		{602970E0-16E5-4FA6-9D25-F73711E55FB5}.Debug|x64.ActiveCfg = Debug|Any CPU
		{602970E0-16E5-4FA6-9D25-F73711E55FB5}.Debug|x64.Build.0 = Debug|Any CPU
		{602970E0-16E5-4FA6-9D25-F73711E55FB5}.Debug|x86.ActiveCfg = Debug|Any CPU
		{602970E0-16E5-4FA6-9D25-F73711E55FB5}.Debug|x86.Build.0 = Debug|Any CPU
		{602970E0-16E5-4FA6-9D25-F73711E55FB5}.Release|Any CPU.ActiveCfg = Release|Any CPU
		{602970E0-16E5-4FA6-9D25-F73711E55FB5}.Release|Any CPU.Build.0 = Release|Any CPU
		{602970E0-16E5-4FA6-9D25-F73711E55FB5}.Release|x64.ActiveCfg = Release|Any CPU
		{602970E0-16E5-4FA6-9D25-F73711E55FB5}.Release|x64.Build.0 = Release|Any CPU
		{602970E0-16E5-4FA6-9D25-F73711E55FB5}.Release|x86.ActiveCfg = Release|Any CPU
		{602970E0-16E5-4FA6-9D25-F73711E55FB5}.Release|x86.Build.0 = Release|Any CPU
	EndGlobalSection
	GlobalSection(SolutionProperties) = preSolution
		HideSolutionNode = FALSE
	EndGlobalSection
	GlobalSection(NestedProjects) = preSolution
		{602970E0-16E5-4FA6-9D25-F73711E55FB5} = {DACA7FD0-2F1D-9E6A-A381-3006308BBC75}
	EndGlobalSection
	GlobalSection(ExtensibilityGlobals) = postSolution
		SolutionGuid = {C98A9863-ED7C-405D-91D8-6DF3E1AAE6C3}
	EndGlobalSection
EndGlobal
